<Solution>
  <Folder Name="/build/">
    <File Path=".editorconfig" />
    <File Path="build.ps1" />
    <File Path="Directory.Build.props" />
    <File Path="paket.dependencies" />
    <File Path="paket.lock" />
    <File Path="PUBLIC" />
  </Folder>
  <Project Path="CloneProject.Tests/CloneProject.Tests.fsproj" />
  <Project Path="CloneProject/CloneProject.fsproj" />
</Solution>